{
  "name": "Mobile App",
  "lockfileVersion": 3,
  "requires": true,
  "packages": {
    "": {
      "dependencies": {
        "@capacitor/camera": "^8.0.0"
      }
    },
    "node_modules/@capacitor/camera": {
      "version": "8.0.0",
      "resolved": "https://registry.npmjs.org/@capacitor/camera/-/camera-8.0.0.tgz",
      "integrity": "sha512-Iu8j2oxoIhY2mLuoEckbL7PFgw1XFm1nqmeWdIkILpcT3H9A+BrSDUDlzWqM/EeaDKo6JnhR59tYHwUhOdXaUg==",
      "license": "MIT",
      "peerDependencies": {
        "@capacitor/core": ">=8.0.0"
      }
    },
    "node_modules/@capacitor/core": {
      "version": "8.0.2",
      "resolved": "https://registry.npmjs.org/@capacitor/core/-/core-8.0.2.tgz",
      "integrity": "sha512-EXZfxkL6GFJS2cb7TIBR7RiHA5iz6ufDcl1VmUpI2pga3lJ5Ck2+iqbx7N+osL3XYem9ad4XCidJEMm64DX6UQ==",
      "license": "MIT",
      "peer": true,
      "dependencies": {
        "tslib": "^2.1.0"
      }
    },
    "node_modules/tslib": {
      "version": "2.8.1",
      "resolved": "https://registry.npmjs.org/tslib/-/tslib-2.8.1.tgz",
      "integrity": "sha512-oJFu94HQb+KVduSUQL7wnpmqnfmLsOA/nAh6b6EH0wCEoK0/mPeXU6c3wKDV83MkOuHPRHtSXKKU99IBazS/2w==",
      "license": "0BSD"
    }
  }
}
